
Microsoft Visual Studio Solution File, Format Version 12.00
# Visual Studio 15
VisualStudioVersion = 15.0.26730.12
MinimumVisualStudioVersion = 10.0.40219.1
Project("{FAE04EC0-301F-11D3-BF4B-00C04F79EFBC}") = "Vidly", "Vidly\Vidly.csproj", "{B4E1A590-E4E3-4D68-8A8C-A5B6A178FE9F}"
EndProject
Global
	GlobalSection(SolutionConfigurationPlatforms) = preSolution
		Debug|Any CPU = Debug|Any CPU
		Release|Any CPU = Release|Any CPU
	EndGlobalSection
	GlobalSection(ProjectConfigurationPlatforms) = postSolution
		{B4E1A590-E4E3-4D68-8A8C-A5B6A178FE9F}.Debug|Any CPU.ActiveCfg = Debug|Any CPU
		{B4E1A590-E4E3-4D68-8A8C-A5B6A178FE9F}.Debug|Any CPU.Build.0 = Debug|Any CPU
		{B4E1A590-E4E3-4D68-8A8C-A5B6A178FE9F}.Release|Any CPU.ActiveCfg = Release|Any CPU
		{B4E1A590-E4E3-4D68-8A8C-A5B6A178FE9F}.Release|Any CPU.Build.0 = Release|Any CPU
	EndGlobalSection
	GlobalSection(SolutionProperties) = preSolution
		HideSolutionNode = FALSE
	EndGlobalSection
	GlobalSection(ExtensibilityGlobals) = postSolution
		SolutionGuid = {EC8155A9-2B49-4F1B-9320-10FCA4151299}
	EndGlobalSection
EndGlobal
